
Microsoft Visual Studio Solution File, Format Version 12.00
# Visual Studio 15
VisualStudioVersion = 15.0.26403.7
MinimumVisualStudioVersion = 10.0.40219.1
Project("{FAE04EC0-301F-11D3-BF4B-00C04F79EFBC}") = "Animation.Android", "Animation\Animation.Android\Animation.Android.csproj", "{C519FF9D-BF42-4E7E-B92B-4FF783CA0358}"
EndProject
Project("{FAE04EC0-301F-11D3-BF4B-00C04F79EFBC}") = "Animation", "Animation\Animation\Animation.csproj", "{2EA33F65-7A16-4F3C-B55C-7A872D17CC7A}"
EndProject
Project("{FAE04EC0-301F-11D3-BF4B-00C04F79EFBC}") = "Animation.UWP", "Animation\Animation.UWP\Animation.UWP.csproj", "{6251F901-84E0-4D18-BD40-72E1FE9694A5}"
EndProject
Project("{FAE04EC0-301F-11D3-BF4B-00C04F79EFBC}") = "Animation.iOS", "Animation\Animation.iOS\Animation.iOS.csproj", "{21226785-BF3A-4D74-8D31-0266F6955955}"
EndProject
Global
	GlobalSection(SolutionConfigurationPlatforms) = preSolution
		Ad-Hoc|Any CPU = Ad-Hoc|Any CPU
		Ad-Hoc|ARM = Ad-Hoc|ARM
		Ad-Hoc|iPhone = Ad-Hoc|iPhone
		Ad-Hoc|iPhoneSimulator = Ad-Hoc|iPhoneSimulator
		Ad-Hoc|x64 = Ad-Hoc|x64
		Ad-Hoc|x86 = Ad-Hoc|x86
		AppStore|Any CPU = AppStore|Any CPU
		AppStore|ARM = AppStore|ARM
		AppStore|iPhone = AppStore|iPhone
		AppStore|iPhoneSimulator = AppStore|iPhoneSimulator
		AppStore|x64 = AppStore|x64
		AppStore|x86 = AppStore|x86
		Debug|Any CPU = Debug|Any CPU
		Debug|ARM = Debug|ARM
		Debug|iPhone = Debug|iPhone
		Debug|iPhoneSimulator = Debug|iPhoneSimulator
		Debug|x64 = Debug|x64
		Debug|x86 = Debug|x86
		Release|Any CPU = Release|Any CPU
		Release|ARM = Release|ARM
		Release|iPhone = Release|iPhone
		Release|iPhoneSimulator = Release|iPhoneSimulator
		Release|x64 = Release|x64
		Release|x86 = Release|x86
	EndGlobalSection
	GlobalSection(ProjectConfigurationPlatforms) = postSolution
		{C519FF9D-BF42-4E7E-B92B-4FF783CA0358}.Ad-Hoc|Any CPU.ActiveCfg = Release|Any CPU
		{C519FF9D-BF42-4E7E-B92B-4FF783CA0358}.Ad-Hoc|Any CPU.Build.0 = Release|Any CPU
		{C519FF9D-BF42-4E7E-B92B-4FF783CA0358}.Ad-Hoc|Any CPU.Deploy.0 = Release|Any CPU
		{C519FF9D-BF42-4E7E-B92B-4FF783CA0358}.Ad-Hoc|ARM.ActiveCfg = Release|Any CPU
		{C519FF9D-BF42-4E7E-B92B-4FF783CA0358}.Ad-Hoc|ARM.Build.0 = Release|Any CPU
		{C519FF9D-BF42-4E7E-B92B-4FF783CA0358}.Ad-Hoc|ARM.Deploy.0 = Release|Any CPU
		{C519FF9D-BF42-4E7E-B92B-4FF783CA0358}.Ad-Hoc|iPhone.ActiveCfg = Release|Any CPU
		{C519FF9D-BF42-4E7E-B92B-4FF783CA0358}.Ad-Hoc|iPhone.Build.0 = Release|Any CPU
		{C519FF9D-BF42-4E7E-B92B-4FF783CA0358}.Ad-Hoc|iPhone.Deploy.0 = Release|Any CPU
		{C519FF9D-BF42-4E7E-B92B-4FF783CA0358}.Ad-Hoc|iPhoneSimulator.ActiveCfg = Release|Any CPU
		{C519FF9D-BF42-4E7E-B92B-4FF783CA0358}.Ad-Hoc|iPhoneSimulator.Build.0 = Release|Any CPU
		{C519FF9D-BF42-4E7E-B92B-4FF783CA0358}.Ad-Hoc|iPhoneSimulator.Deploy.0 = Release|Any CPU
		{C519FF9D-BF42-4E7E-B92B-4FF783CA0358}.Ad-Hoc|x64.ActiveCfg = Release|Any CPU
		{C519FF9D-BF42-4E7E-B92B-4FF783CA0358}.Ad-Hoc|x64.Build.0 = Release|Any CPU
		{C519FF9D-BF42-4E7E-B92B-4FF783CA0358}.Ad-Hoc|x64.Deploy.0 = Release|Any CPU
		{C519FF9D-BF42-4E7E-B92B-4FF783CA0358}.Ad-Hoc|x86.ActiveCfg = Release|Any CPU
		{C519FF9D-BF42-4E7E-B92B-4FF783CA0358}.Ad-Hoc|x86.Build.0 = Release|Any CPU
		{C519FF9D-BF42-4E7E-B92B-4FF783CA0358}.Ad-Hoc|x86.Deploy.0 = Release|Any CPU
		{C519FF9D-BF42-4E7E-B92B-4FF783CA0358}.AppStore|Any CPU.ActiveCfg = Release|Any CPU
		{C519FF9D-BF42-4E7E-B92B-4FF783CA0358}.AppStore|Any CPU.Build.0 = Release|Any CPU
		{C519FF9D-BF42-4E7E-B92B-4FF783CA0358}.AppStore|Any CPU.Deploy.0 = Release|Any CPU
		{C519FF9D-BF42-4E7E-B92B-4FF783CA0358}.AppStore|ARM.ActiveCfg = Release|Any CPU
		{C519FF9D-BF42-4E7E-B92B-4FF783CA0358}.AppStore|ARM.Build.0 = Release|Any CPU
		{C519FF9D-BF42-4E7E-B92B-4FF783CA0358}.AppStore|ARM.Deploy.0 = Release|Any CPU
		{C519FF9D-BF42-4E7E-B92B-4FF783CA0358}.AppStore|iPhone.ActiveCfg = Release|Any CPU
		{C519FF9D-BF42-4E7E-B92B-4FF783CA0358}.AppStore|iPhone.Build.0 = Release|Any CPU
		{C519FF9D-BF42-4E7E-B92B-4FF783CA0358}.AppStore|iPhone.Deploy.0 = Release|Any CPU
		{C519FF9D-BF42-4E7E-B92B-4FF783CA0358}.AppStore|iPhoneSimulator.ActiveCfg = Release|Any CPU
		{C519FF9D-BF42-4E7E-B92B-4FF783CA0358}.AppStore|iPhoneSimulator.Build.0 = Release|Any CPU
		{C519FF9D-BF42-4E7E-B92B-4FF783CA0358}.AppStore|iPhoneSimulator.Deploy.0 = Release|Any CPU
		{C519FF9D-BF42-4E7E-B92B-4FF783CA0358}.AppStore|x64.ActiveCfg = Release|Any CPU
		{C519FF9D-BF42-4E7E-B92B-4FF783CA0358}.AppStore|x64.Build.0 = Release|Any CPU
		{C519FF9D-BF42-4E7E-B92B-4FF783CA0358}.AppStore|x64.Deploy.0 = Release|Any CPU
		{C519FF9D-BF42-4E7E-B92B-4FF783CA0358}.AppStore|x86.ActiveCfg = Release|Any CPU
		{C519FF9D-BF42-4E7E-B92B-4FF783CA0358}.AppStore|x86.Build.0 = Release|Any CPU
		{C519FF9D-BF42-4E7E-B92B-4FF783CA0358}.AppStore|x86.Deploy.0 = Release|Any CPU
		{C519FF9D-BF42-4E7E-B92B-4FF783CA0358}.Debug|Any CPU.ActiveCfg = Debug|Any CPU
		{C519FF9D-BF42-4E7E-B92B-4FF783CA0358}.Debug|Any CPU.Build.0 = Debug|Any CPU
		{C519FF9D-BF42-4E7E-B92B-4FF783CA0358}.Debug|Any CPU.Deploy.0 = Debug|Any CPU
		{C519FF9D-BF42-4E7E-B92B-4FF783CA0358}.Debug|ARM.ActiveCfg = Debug|Any CPU
		{C519FF9D-BF42-4E7E-B92B-4FF783CA0358}.Debug|ARM.Build.0 = Debug|Any CPU
		{C519FF9D-BF42-4E7E-B92B-4FF783CA0358}.Debug|ARM.Deploy.0 = Debug|Any CPU
		{C519FF9D-BF42-4E7E-B92B-4FF783CA0358}.Debug|iPhone.ActiveCfg = Debug|Any CPU
		{C519FF9D-BF42-4E7E-B92B-4FF783CA0358}.Debug|iPhone.Build.0 = Debug|Any CPU
		{C519FF9D-BF42-4E7E-B92B-4FF783CA0358}.Debug|iPhone.Deploy.0 = Debug|Any CPU
		{C519FF9D-BF42-4E7E-B92B-4FF783CA0358}.Debug|iPhoneSimulator.ActiveCfg = Debug|Any CPU
		{C519FF9D-BF42-4E7E-B92B-4FF783CA0358}.Debug|iPhoneSimulator.Build.0 = Debug|Any CPU
		{C519FF9D-BF42-4E7E-B92B-4FF783CA0358}.Debug|iPhoneSimulator.Deploy.0 = Debug|Any CPU
		{C519FF9D-BF42-4E7E-B92B-4FF783CA0358}.Debug|x64.ActiveCfg = Debug|Any CPU
		{C519FF9D-BF42-4E7E-B92B-4FF783CA0358}.Debug|x64.Build.0 = Debug|Any CPU
		{C519FF9D-BF42-4E7E-B92B-4FF783CA0358}.Debug|x64.Deploy.0 = Debug|Any CPU
		{C519FF9D-BF42-4E7E-B92B-4FF783CA0358}.Debug|x86.ActiveCfg = Debug|Any CPU
		{C519FF9D-BF42-4E7E-B92B-4FF783CA0358}.Debug|x86.Build.0 = Debug|Any CPU
		{C519FF9D-BF42-4E7E-B92B-4FF783CA0358}.Debug|x86.Deploy.0 = Debug|Any CPU
		{C519FF9D-BF42-4E7E-B92B-4FF783CA0358}.Release|Any CPU.ActiveCfg = Release|Any CPU
		{C519FF9D-BF42-4E7E-B92B-4FF783CA0358}.Release|Any CPU.Build.0 = Release|Any CPU
		{C519FF9D-BF42-4E7E-B92B-4FF783CA0358}.Release|Any CPU.Deploy.0 = Release|Any CPU
		{C519FF9D-BF42-4E7E-B92B-4FF783CA0358}.Release|ARM.ActiveCfg = Release|Any CPU
		{C519FF9D-BF42-4E7E-B92B-4FF783CA0358}.Release|ARM.Build.0 = Release|Any CPU
		{C519FF9D-BF42-4E7E-B92B-4FF783CA0358}.Release|ARM.Deploy.0 = Release|Any CPU
		{C519FF9D-BF42-4E7E-B92B-4FF783CA0358}.Release|iPhone.ActiveCfg = Release|Any CPU
		{C519FF9D-BF42-4E7E-B92B-4FF783CA0358}.Release|iPhone.Build.0 = Release|Any CPU
		{C519FF9D-BF42-4E7E-B92B-4FF783CA0358}.Release|iPhone.Deploy.0 = Release|Any CPU
		{C519FF9D-BF42-4E7E-B92B-4FF783CA0358}.Release|iPhoneSimulator.ActiveCfg = Release|Any CPU
		{C519FF9D-BF42-4E7E-B92B-4FF783CA0358}.Release|iPhoneSimulator.Build.0 = Release|Any CPU
		{C519FF9D-BF42-4E7E-B92B-4FF783CA0358}.Release|iPhoneSimulator.Deploy.0 = Release|Any CPU
		{C519FF9D-BF42-4E7E-B92B-4FF783CA0358}.Release|x64.ActiveCfg = Release|Any CPU
		{C519FF9D-BF42-4E7E-B92B-4FF783CA0358}.Release|x64.Build.0 = Release|Any CPU
		{C519FF9D-BF42-4E7E-B92B-4FF783CA0358}.Release|x64.Deploy.0 = Release|Any CPU
		{C519FF9D-BF42-4E7E-B92B-4FF783CA0358}.Release|x86.ActiveCfg = Release|Any CPU
		{C519FF9D-BF42-4E7E-B92B-4FF783CA0358}.Release|x86.Build.0 = Release|Any CPU
		{C519FF9D-BF42-4E7E-B92B-4FF783CA0358}.Release|x86.Deploy.0 = Release|Any CPU
		{2EA33F65-7A16-4F3C-B55C-7A872D17CC7A}.Ad-Hoc|Any CPU.ActiveCfg = Release|Any CPU
		{2EA33F65-7A16-4F3C-B55C-7A872D17CC7A}.Ad-Hoc|Any CPU.Build.0 = Release|Any CPU
		{2EA33F65-7A16-4F3C-B55C-7A872D17CC7A}.Ad-Hoc|ARM.ActiveCfg = Release|Any CPU
		{2EA33F65-7A16-4F3C-B55C-7A872D17CC7A}.Ad-Hoc|ARM.Build.0 = Release|Any CPU
		{2EA33F65-7A16-4F3C-B55C-7A872D17CC7A}.Ad-Hoc|iPhone.ActiveCfg = Release|Any CPU
		{2EA33F65-7A16-4F3C-B55C-7A872D17CC7A}.Ad-Hoc|iPhone.Build.0 = Release|Any CPU
		{2EA33F65-7A16-4F3C-B55C-7A872D17CC7A}.Ad-Hoc|iPhoneSimulator.ActiveCfg = Release|Any CPU
		{2EA33F65-7A16-4F3C-B55C-7A872D17CC7A}.Ad-Hoc|iPhoneSimulator.Build.0 = Release|Any CPU
		{2EA33F65-7A16-4F3C-B55C-7A872D17CC7A}.Ad-Hoc|x64.ActiveCfg = Release|Any CPU
		{2EA33F65-7A16-4F3C-B55C-7A872D17CC7A}.Ad-Hoc|x64.Build.0 = Release|Any CPU
		{2EA33F65-7A16-4F3C-B55C-7A872D17CC7A}.Ad-Hoc|x86.ActiveCfg = Release|Any CPU
		{2EA33F65-7A16-4F3C-B55C-7A872D17CC7A}.Ad-Hoc|x86.Build.0 = Release|Any CPU
		{2EA33F65-7A16-4F3C-B55C-7A872D17CC7A}.AppStore|Any CPU.ActiveCfg = Release|Any CPU
		{2EA33F65-7A16-4F3C-B55C-7A872D17CC7A}.AppStore|Any CPU.Build.0 = Release|Any CPU
		{2EA33F65-7A16-4F3C-B55C-7A872D17CC7A}.AppStore|ARM.ActiveCfg = Release|Any CPU
		{2EA33F65-7A16-4F3C-B55C-7A872D17CC7A}.AppStore|ARM.Build.0 = Release|Any CPU
		{2EA33F65-7A16-4F3C-B55C-7A872D17CC7A}.AppStore|iPhone.ActiveCfg = Release|Any CPU
		{2EA33F65-7A16-4F3C-B55C-7A872D17CC7A}.AppStore|iPhone.Build.0 = Release|Any CPU
		{2EA33F65-7A16-4F3C-B55C-7A872D17CC7A}.AppStore|iPhoneSimulator.ActiveCfg = Release|Any CPU
		{2EA33F65-7A16-4F3C-B55C-7A872D17CC7A}.AppStore|iPhoneSimulator.Build.0 = Release|Any CPU
		{2EA33F65-7A16-4F3C-B55C-7A872D17CC7A}.AppStore|x64.ActiveCfg = Release|Any CPU
		{2EA33F65-7A16-4F3C-B55C-7A872D17CC7A}.AppStore|x64.Build.0 = Release|Any CPU
		{2EA33F65-7A16-4F3C-B55C-7A872D17CC7A}.AppStore|x86.ActiveCfg = Release|Any CPU
		{2EA33F65-7A16-4F3C-B55C-7A872D17CC7A}.AppStore|x86.Build.0 = Release|Any CPU
		{2EA33F65-7A16-4F3C-B55C-7A872D17CC7A}.Debug|Any CPU.ActiveCfg = Debug|Any CPU
		{2EA33F65-7A16-4F3C-B55C-7A872D17CC7A}.Debug|Any CPU.Build.0 = Debug|Any CPU
		{2EA33F65-7A16-4F3C-B55C-7A872D17CC7A}.Debug|ARM.ActiveCfg = Debug|Any CPU
		{2EA33F65-7A16-4F3C-B55C-7A872D17CC7A}.Debug|ARM.Build.0 = Debug|Any CPU
		{2EA33F65-7A16-4F3C-B55C-7A872D17CC7A}.Debug|iPhone.ActiveCfg = Debug|Any CPU
		{2EA33F65-7A16-4F3C-B55C-7A872D17CC7A}.Debug|iPhone.Build.0 = Debug|Any CPU
		{2EA33F65-7A16-4F3C-B55C-7A872D17CC7A}.Debug|iPhoneSimulator.ActiveCfg = Debug|Any CPU
		{2EA33F65-7A16-4F3C-B55C-7A872D17CC7A}.Debug|iPhoneSimulator.Build.0 = Debug|Any CPU
		{2EA33F65-7A16-4F3C-B55C-7A872D17CC7A}.Debug|x64.ActiveCfg = Debug|Any CPU
		{2EA33F65-7A16-4F3C-B55C-7A872D17CC7A}.Debug|x64.Build.0 = Debug|Any CPU
		{2EA33F65-7A16-4F3C-B55C-7A872D17CC7A}.Debug|x86.ActiveCfg = Debug|Any CPU
		{2EA33F65-7A16-4F3C-B55C-7A872D17CC7A}.Debug|x86.Build.0 = Debug|Any CPU
		{2EA33F65-7A16-4F3C-B55C-7A872D17CC7A}.Release|Any CPU.ActiveCfg = Release|Any CPU
		{2EA33F65-7A16-4F3C-B55C-7A872D17CC7A}.Release|Any CPU.Build.0 = Release|Any CPU
		{2EA33F65-7A16-4F3C-B55C-7A872D17CC7A}.Release|ARM.ActiveCfg = Release|Any CPU
		{2EA33F65-7A16-4F3C-B55C-7A872D17CC7A}.Release|ARM.Build.0 = Release|Any CPU
		{2EA33F65-7A16-4F3C-B55C-7A872D17CC7A}.Release|iPhone.ActiveCfg = Release|Any CPU
		{2EA33F65-7A16-4F3C-B55C-7A872D17CC7A}.Release|iPhone.Build.0 = Release|Any CPU
		{2EA33F65-7A16-4F3C-B55C-7A872D17CC7A}.Release|iPhoneSimulator.ActiveCfg = Release|Any CPU
		{2EA33F65-7A16-4F3C-B55C-7A872D17CC7A}.Release|iPhoneSimulator.Build.0 = Release|Any CPU
		{2EA33F65-7A16-4F3C-B55C-7A872D17CC7A}.Release|x64.ActiveCfg = Release|Any CPU
		{2EA33F65-7A16-4F3C-B55C-7A872D17CC7A}.Release|x64.Build.0 = Release|Any CPU
		{2EA33F65-7A16-4F3C-B55C-7A872D17CC7A}.Release|x86.ActiveCfg = Release|Any CPU
		{2EA33F65-7A16-4F3C-B55C-7A872D17CC7A}.Release|x86.Build.0 = Release|Any CPU
		{6251F901-84E0-4D18-BD40-72E1FE9694A5}.Ad-Hoc|Any CPU.ActiveCfg = Release|x86
		{6251F901-84E0-4D18-BD40-72E1FE9694A5}.Ad-Hoc|Any CPU.Build.0 = Release|x86
		{6251F901-84E0-4D18-BD40-72E1FE9694A5}.Ad-Hoc|Any CPU.Deploy.0 = Release|x86
		{6251F901-84E0-4D18-BD40-72E1FE9694A5}.Ad-Hoc|ARM.ActiveCfg = Release|ARM
		{6251F901-84E0-4D18-BD40-72E1FE9694A5}.Ad-Hoc|ARM.Build.0 = Release|ARM
		{6251F901-84E0-4D18-BD40-72E1FE9694A5}.Ad-Hoc|ARM.Deploy.0 = Release|ARM
		{6251F901-84E0-4D18-BD40-72E1FE9694A5}.Ad-Hoc|iPhone.ActiveCfg = Release|x86
		{6251F901-84E0-4D18-BD40-72E1FE9694A5}.Ad-Hoc|iPhone.Build.0 = Release|x86
		{6251F901-84E0-4D18-BD40-72E1FE9694A5}.Ad-Hoc|iPhone.Deploy.0 = Release|x86
		{6251F901-84E0-4D18-BD40-72E1FE9694A5}.Ad-Hoc|iPhoneSimulator.ActiveCfg = Release|x86
		{6251F901-84E0-4D18-BD40-72E1FE9694A5}.Ad-Hoc|iPhoneSimulator.Build.0 = Release|x86
		{6251F901-84E0-4D18-BD40-72E1FE9694A5}.Ad-Hoc|iPhoneSimulator.Deploy.0 = Release|x86
		{6251F901-84E0-4D18-BD40-72E1FE9694A5}.Ad-Hoc|x64.ActiveCfg = Release|x64
		{6251F901-84E0-4D18-BD40-72E1FE9694A5}.Ad-Hoc|x64.Build.0 = Release|x64
		{6251F901-84E0-4D18-BD40-72E1FE9694A5}.Ad-Hoc|x64.Deploy.0 = Release|x64
		{6251F901-84E0-4D18-BD40-72E1FE9694A5}.Ad-Hoc|x86.ActiveCfg = Release|x86
		{6251F901-84E0-4D18-BD40-72E1FE9694A5}.Ad-Hoc|x86.Build.0 = Release|x86
		{6251F901-84E0-4D18-BD40-72E1FE9694A5}.Ad-Hoc|x86.Deploy.0 = Release|x86
		{6251F901-84E0-4D18-BD40-72E1FE9694A5}.AppStore|Any CPU.ActiveCfg = Release|x86
		{6251F901-84E0-4D18-BD40-72E1FE9694A5}.AppStore|Any CPU.Build.0 = Release|x86
		{6251F901-84E0-4D18-BD40-72E1FE9694A5}.AppStore|Any CPU.Deploy.0 = Release|x86
		{6251F901-84E0-4D18-BD40-72E1FE9694A5}.AppStore|ARM.ActiveCfg = Release|ARM
		{6251F901-84E0-4D18-BD40-72E1FE9694A5}.AppStore|ARM.Build.0 = Release|ARM
		{6251F901-84E0-4D18-BD40-72E1FE9694A5}.AppStore|ARM.Deploy.0 = Release|ARM
		{6251F901-84E0-4D18-BD40-72E1FE9694A5}.AppStore|iPhone.ActiveCfg = Release|x86
		{6251F901-84E0-4D18-BD40-72E1FE9694A5}.AppStore|iPhone.Build.0 = Release|x86
		{6251F901-84E0-4D18-BD40-72E1FE9694A5}.AppStore|iPhone.Deploy.0 = Release|x86
		{6251F901-84E0-4D18-BD40-72E1FE9694A5}.AppStore|iPhoneSimulator.ActiveCfg = Release|x86
		{6251F901-84E0-4D18-BD40-72E1FE9694A5}.AppStore|iPhoneSimulator.Build.0 = Release|x86
		{6251F901-84E0-4D18-BD40-72E1FE9694A5}.AppStore|iPhoneSimulator.Deploy.0 = Release|x86
		{6251F901-84E0-4D18-BD40-72E1FE9694A5}.AppStore|x64.ActiveCfg = Release|x64
		{6251F901-84E0-4D18-BD40-72E1FE9694A5}.AppStore|x64.Build.0 = Release|x64
		{6251F901-84E0-4D18-BD40-72E1FE9694A5}.AppStore|x64.Deploy.0 = Release|x64
		{6251F901-84E0-4D18-BD40-72E1FE9694A5}.AppStore|x86.ActiveCfg = Release|x86
		{6251F901-84E0-4D18-BD40-72E1FE9694A5}.AppStore|x86.Build.0 = Release|x86
		{6251F901-84E0-4D18-BD40-72E1FE9694A5}.AppStore|x86.Deploy.0 = Release|x86
		{6251F901-84E0-4D18-BD40-72E1FE9694A5}.Debug|Any CPU.ActiveCfg = Debug|x86
		{6251F901-84E0-4D18-BD40-72E1FE9694A5}.Debug|Any CPU.Build.0 = Debug|x86
		{6251F901-84E0-4D18-BD40-72E1FE9694A5}.Debug|Any CPU.Deploy.0 = Debug|x86
		{6251F901-84E0-4D18-BD40-72E1FE9694A5}.Debug|ARM.ActiveCfg = Debug|ARM
		{6251F901-84E0-4D18-BD40-72E1FE9694A5}.Debug|ARM.Build.0 = Debug|ARM
		{6251F901-84E0-4D18-BD40-72E1FE9694A5}.Debug|ARM.Deploy.0 = Debug|ARM
		{6251F901-84E0-4D18-BD40-72E1FE9694A5}.Debug|iPhone.ActiveCfg = Debug|x86
		{6251F901-84E0-4D18-BD40-72E1FE9694A5}.Debug|iPhoneSimulator.ActiveCfg = Debug|x86
		{6251F901-84E0-4D18-BD40-72E1FE9694A5}.Debug|x64.ActiveCfg = Debug|x64
		{6251F901-84E0-4D18-BD40-72E1FE9694A5}.Debug|x64.Build.0 = Debug|x64
		{6251F901-84E0-4D18-BD40-72E1FE9694A5}.Debug|x64.Deploy.0 = Debug|x64
		{6251F901-84E0-4D18-BD40-72E1FE9694A5}.Debug|x86.ActiveCfg = Debug|x86
		{6251F901-84E0-4D18-BD40-72E1FE9694A5}.Debug|x86.Build.0 = Debug|x86
		{6251F901-84E0-4D18-BD40-72E1FE9694A5}.Debug|x86.Deploy.0 = Debug|x86
		{6251F901-84E0-4D18-BD40-72E1FE9694A5}.Release|Any CPU.ActiveCfg = Release|x86
		{6251F901-84E0-4D18-BD40-72E1FE9694A5}.Release|ARM.ActiveCfg = Release|ARM
		{6251F901-84E0-4D18-BD40-72E1FE9694A5}.Release|ARM.Build.0 = Release|ARM
		{6251F901-84E0-4D18-BD40-72E1FE9694A5}.Release|ARM.Deploy.0 = Release|ARM
		{6251F901-84E0-4D18-BD40-72E1FE9694A5}.Release|iPhone.ActiveCfg = Release|x86
		{6251F901-84E0-4D18-BD40-72E1FE9694A5}.Release|iPhoneSimulator.ActiveCfg = Release|x86
		{6251F901-84E0-4D18-BD40-72E1FE9694A5}.Release|x64.ActiveCfg = Release|x64
		{6251F901-84E0-4D18-BD40-72E1FE9694A5}.Release|x64.Build.0 = Release|x64
		{6251F901-84E0-4D18-BD40-72E1FE9694A5}.Release|x64.Deploy.0 = Release|x64
		{6251F901-84E0-4D18-BD40-72E1FE9694A5}.Release|x86.ActiveCfg = Release|x86
		{6251F901-84E0-4D18-BD40-72E1FE9694A5}.Release|x86.Build.0 = Release|x86
		{6251F901-84E0-4D18-BD40-72E1FE9694A5}.Release|x86.Deploy.0 = Release|x86
		{21226785-BF3A-4D74-8D31-0266F6955955}.Ad-Hoc|Any CPU.ActiveCfg = Ad-Hoc|iPhone
		{21226785-BF3A-4D74-8D31-0266F6955955}.Ad-Hoc|ARM.ActiveCfg = Ad-Hoc|iPhone
		{21226785-BF3A-4D74-8D31-0266F6955955}.Ad-Hoc|iPhone.ActiveCfg = Ad-Hoc|iPhone
		{21226785-BF3A-4D74-8D31-0266F6955955}.Ad-Hoc|iPhone.Build.0 = Ad-Hoc|iPhone
		{21226785-BF3A-4D74-8D31-0266F6955955}.Ad-Hoc|iPhoneSimulator.ActiveCfg = Ad-Hoc|iPhoneSimulator
		{21226785-BF3A-4D74-8D31-0266F6955955}.Ad-Hoc|iPhoneSimulator.Build.0 = Ad-Hoc|iPhoneSimulator
		{21226785-BF3A-4D74-8D31-0266F6955955}.Ad-Hoc|x64.ActiveCfg = Ad-Hoc|iPhone
		{21226785-BF3A-4D74-8D31-0266F6955955}.Ad-Hoc|x86.ActiveCfg = Ad-Hoc|iPhone
		{21226785-BF3A-4D74-8D31-0266F6955955}.AppStore|Any CPU.ActiveCfg = AppStore|iPhone
		{21226785-BF3A-4D74-8D31-0266F6955955}.AppStore|ARM.ActiveCfg = AppStore|iPhone
		{21226785-BF3A-4D74-8D31-0266F6955955}.AppStore|iPhone.ActiveCfg = AppStore|iPhone
		{21226785-BF3A-4D74-8D31-0266F6955955}.AppStore|iPhone.Build.0 = AppStore|iPhone
		{21226785-BF3A-4D74-8D31-0266F6955955}.AppStore|iPhoneSimulator.ActiveCfg = AppStore|iPhoneSimulator
		{21226785-BF3A-4D74-8D31-0266F6955955}.AppStore|iPhoneSimulator.Build.0 = AppStore|iPhoneSimulator
		{21226785-BF3A-4D74-8D31-0266F6955955}.AppStore|x64.ActiveCfg = AppStore|iPhone
		{21226785-BF3A-4D74-8D31-0266F6955955}.AppStore|x86.ActiveCfg = AppStore|iPhone
		{21226785-BF3A-4D74-8D31-0266F6955955}.Debug|Any CPU.ActiveCfg = Debug|iPhone
		{21226785-BF3A-4D74-8D31-0266F6955955}.Debug|ARM.ActiveCfg = Debug|iPhone
		{21226785-BF3A-4D74-8D31-0266F6955955}.Debug|iPhone.ActiveCfg = Debug|iPhone
		{21226785-BF3A-4D74-8D31-0266F6955955}.Debug|iPhone.Build.0 = Debug|iPhone
		{21226785-BF3A-4D74-8D31-0266F6955955}.Debug|iPhoneSimulator.ActiveCfg = Debug|iPhoneSimulator
		{21226785-BF3A-4D74-8D31-0266F6955955}.Debug|iPhoneSimulator.Build.0 = Debug|iPhoneSimulator
		{21226785-BF3A-4D74-8D31-0266F6955955}.Debug|x64.ActiveCfg = Debug|iPhone
		{21226785-BF3A-4D74-8D31-0266F6955955}.Debug|x86.ActiveCfg = Debug|iPhone
		{21226785-BF3A-4D74-8D31-0266F6955955}.Release|Any CPU.ActiveCfg = Release|iPhone
		{21226785-BF3A-4D74-8D31-0266F6955955}.Release|ARM.ActiveCfg = Release|iPhone
		{21226785-BF3A-4D74-8D31-0266F6955955}.Release|iPhone.ActiveCfg = Release|iPhone
		{21226785-BF3A-4D74-8D31-0266F6955955}.Release|iPhone.Build.0 = Release|iPhone
		{21226785-BF3A-4D74-8D31-0266F6955955}.Release|iPhoneSimulator.ActiveCfg = Release|iPhoneSimulator
		{21226785-BF3A-4D74-8D31-0266F6955955}.Release|iPhoneSimulator.Build.0 = Release|iPhoneSimulator
		{21226785-BF3A-4D74-8D31-0266F6955955}.Release|x64.ActiveCfg = Release|iPhone
		{21226785-BF3A-4D74-8D31-0266F6955955}.Release|x86.ActiveCfg = Release|iPhone
	EndGlobalSection
	GlobalSection(SolutionProperties) = preSolution
		HideSolutionNode = FALSE
	EndGlobalSection
EndGlobal
